// !$*UTF8*$!
{
	archiveVersion = 1;
	classes = {
	};
	objectVersion = 46;
	objects = {

/* Begin PBXBuildFile section */
		7D93C5B61EBC3C06C0EAFECD /* libPods.a in Frameworks */ = {isa = PBXBuildFile; fileRef = 4D83C075BF4A88FB18953283 /* libPods.a */; };
		E72E54D01AEF3CC0000355F3 /* ChannelHeader.m in Sources */ = {isa = PBXBuildFile; fileRef = E72E54CF1AEF3CC0000355F3 /* ChannelHeader.m */; };
		E72E54D41AEF50CC000355F3 /* GlobalVar.m in Sources */ = {isa = PBXBuildFile; fileRef = E72E54D31AEF50CC000355F3 /* GlobalVar.m */; };
		E72E54D71AEF59CA000355F3 /* DetailVC.m in Sources */ = {isa = PBXBuildFile; fileRef = E72E54D61AEF59CA000355F3 /* DetailVC.m */; };
		E72E54DA1AEF670C000355F3 /* BaseVC.m in Sources */ = {isa = PBXBuildFile; fileRef = E72E54D91AEF670C000355F3 /* BaseVC.m */; };
		E78DF3461AF4E8990017F41C /* UIView+Position.m in Sources */ = {isa = PBXBuildFile; fileRef = E78DF3451AF4E8990017F41C /* UIView+Position.m */; };
		E79A44761AF89E6F00385D19 /* GoogleSearchParser.m in Sources */ = {isa = PBXBuildFile; fileRef = E79A44751AF89E6F00385D19 /* GoogleSearchParser.m */; };
		E79A44791AF8CDF400385D19 /* PttTable.m in Sources */ = {isa = PBXBuildFile; fileRef = E79A44781AF8CDF400385D19 /* PttTable.m */; };
		E79AA7CD1AF1BCB4001F9F5D /* SettingsVC.m in Sources */ = {isa = PBXBuildFile; fileRef = E79AA7CC1AF1BCB4001F9F5D /* SettingsVC.m */; };
		E79AA7D01AF1C197001F9F5D /* TableModel.m in Sources */ = {isa = PBXBuildFile; fileRef = E79AA7CF1AF1C197001F9F5D /* TableModel.m */; };
		E79AA7D31AF38E28001F9F5D /* MovieDetailTable.m in Sources */ = {isa = PBXBuildFile; fileRef = E79AA7D21AF38E28001F9F5D /* MovieDetailTable.m */; };
		E7A4BB7D1AF5CC3500E10F43 /* VideoPlayerView.m in Sources */ = {isa = PBXBuildFile; fileRef = E7A4BB7C1AF5CC3500E10F43 /* VideoPlayerView.m */; };
		E7AE35311AF77957004B3FD0 /* localization.strings in Resources */ = {isa = PBXBuildFile; fileRef = E7AE35331AF77957004B3FD0 /* localization.strings */; };
		E7B0C7241AF06D2F0086FC21 /* UserSettings.m in Sources */ = {isa = PBXBuildFile; fileRef = E7B0C7231AF06D2F0086FC21 /* UserSettings.m */; };
		E7B193601AF92B7700A73123 /* SearchResultCell.m in Sources */ = {isa = PBXBuildFile; fileRef = E7B1935F1AF92B7700A73123 /* SearchResultCell.m */; };
		E7E023621AEE30A800DFCDB5 /* main.m in Sources */ = {isa = PBXBuildFile; fileRef = E7E023611AEE30A800DFCDB5 /* main.m */; };
		E7E023651AEE30A800DFCDB5 /* AppDelegate.m in Sources */ = {isa = PBXBuildFile; fileRef = E7E023641AEE30A800DFCDB5 /* AppDelegate.m */; };
		E7E0236D1AEE30A800DFCDB5 /* Images.xcassets in Resources */ = {isa = PBXBuildFile; fileRef = E7E0236C1AEE30A800DFCDB5 /* Images.xcassets */; };
		E7E0248D1AEE365700DFCDB5 /* YouTubeAPIService.m in Sources */ = {isa = PBXBuildFile; fileRef = E7E024701AEE365700DFCDB5 /* YouTubeAPIService.m */; };
		E7E0248E1AEE365700DFCDB5 /* YouTubeVideoModel.m in Sources */ = {isa = PBXBuildFile; fileRef = E7E024721AEE365700DFCDB5 /* YouTubeVideoModel.m */; };
		E7E0248F1AEE365700DFCDB5 /* ACConstraintHelper.m in Sources */ = {isa = PBXBuildFile; fileRef = E7E024751AEE365700DFCDB5 /* ACConstraintHelper.m */; };
		E7E024901AEE365700DFCDB5 /* ACYTControlView.m in Sources */ = {isa = PBXBuildFile; fileRef = E7E024771AEE365700DFCDB5 /* ACYTControlView.m */; };
		E7E024911AEE365700DFCDB5 /* ACYTPlayerView.m in Sources */ = {isa = PBXBuildFile; fileRef = E7E024791AEE365700DFCDB5 /* ACYTPlayerView.m */; };
		E7E024921AEE365700DFCDB5 /* yt_close.png in Resources */ = {isa = PBXBuildFile; fileRef = E7E0247B1AEE365700DFCDB5 /* yt_close.png */; };
		E7E024931AEE365700DFCDB5 /* yt_compress.png in Resources */ = {isa = PBXBuildFile; fileRef = E7E0247C1AEE365700DFCDB5 /* yt_compress.png */; };
		E7E024941AEE365700DFCDB5 /* yt_expand.png in Resources */ = {isa = PBXBuildFile; fileRef = E7E0247D1AEE365700DFCDB5 /* yt_expand.png */; };
		E7E024951AEE365700DFCDB5 /* yt_hd_off.png in Resources */ = {isa = PBXBuildFile; fileRef = E7E0247E1AEE365700DFCDB5 /* yt_hd_off.png */; };
		E7E024961AEE365700DFCDB5 /* yt_hd_on.png in Resources */ = {isa = PBXBuildFile; fileRef = E7E0247F1AEE365700DFCDB5 /* yt_hd_on.png */; };
		E7E024971AEE365700DFCDB5 /* yt_next.png in Resources */ = {isa = PBXBuildFile; fileRef = E7E024801AEE365700DFCDB5 /* yt_next.png */; };
		E7E024981AEE365700DFCDB5 /* yt_pause.png in Resources */ = {isa = PBXBuildFile; fileRef = E7E024811AEE365700DFCDB5 /* yt_pause.png */; };
		E7E024991AEE365700DFCDB5 /* yt_play.png in Resources */ = {isa = PBXBuildFile; fileRef = E7E024821AEE365700DFCDB5 /* yt_play.png */; };
		E7E0249A1AEE365700DFCDB5 /* yt_previous.png in Resources */ = {isa = PBXBuildFile; fileRef = E7E024831AEE365700DFCDB5 /* yt_previous.png */; };
		E7E0249B1AEE365700DFCDB5 /* YTPlayerView-iframe-player.html in Resources */ = {isa = PBXBuildFile; fileRef = E7E024861AEE365700DFCDB5 /* YTPlayerView-iframe-player.html */; };
		E7E0249C1AEE365700DFCDB5 /* YTPlayerView.m in Sources */ = {isa = PBXBuildFile; fileRef = E7E024891AEE365700DFCDB5 /* YTPlayerView.m */; };
		E7E0249D1AEE365700DFCDB5 /* YouTubeListTableCell.m in Sources */ = {isa = PBXBuildFile; fileRef = E7E0248C1AEE365700DFCDB5 /* YouTubeListTableCell.m */; };
		E7E024A01AEE435100DFCDB5 /* APIHelper.m in Sources */ = {isa = PBXBuildFile; fileRef = E7E0249F1AEE435100DFCDB5 /* APIHelper.m */; };
		E7E024A61AEE856000DFCDB5 /* ChannelList.m in Sources */ = {isa = PBXBuildFile; fileRef = E7E024A51AEE856000DFCDB5 /* ChannelList.m */; };
		E7E024A91AEE874B00DFCDB5 /* ChannelModel.m in Sources */ = {isa = PBXBuildFile; fileRef = E7E024A81AEE874B00DFCDB5 /* ChannelModel.m */; };
		E7E024AC1AEE875900DFCDB5 /* MovieModel.m in Sources */ = {isa = PBXBuildFile; fileRef = E7E024AB1AEE875900DFCDB5 /* MovieModel.m */; };
		E7E024AF1AEF14BA00DFCDB5 /* MainMovieCell.m in Sources */ = {isa = PBXBuildFile; fileRef = E7E024AE1AEF14BA00DFCDB5 /* MainMovieCell.m */; };
/* End PBXBuildFile section */

/* Begin PBXFileReference section */
		4D83C075BF4A88FB18953283 /* libPods.a */ = {isa = PBXFileReference; explicitFileType = archive.ar; includeInIndex = 0; path = libPods.a; sourceTree = BUILT_PRODUCTS_DIR; };
		737B8A030BC5C9CF00DB6D5E /* Pods.release.xcconfig */ = {isa = PBXFileReference; includeInIndex = 1; lastKnownFileType = text.xcconfig; name = Pods.release.xcconfig; path = "Pods/Target Support Files/Pods/Pods.release.xcconfig"; sourceTree = "<group>"; };
		A432779852738E6850A2448F /* Pods.debug.xcconfig */ = {isa = PBXFileReference; includeInIndex = 1; lastKnownFileType = text.xcconfig; name = Pods.debug.xcconfig; path = "Pods/Target Support Files/Pods/Pods.debug.xcconfig"; sourceTree = "<group>"; };
		E72E54CE1AEF3CC0000355F3 /* ChannelHeader.h */ = {isa = PBXFileReference; fileEncoding = 4; lastKnownFileType = sourcecode.c.h; path = ChannelHeader.h; sourceTree = "<group>"; };
		E72E54CF1AEF3CC0000355F3 /* ChannelHeader.m */ = {isa = PBXFileReference; fileEncoding = 4; lastKnownFileType = sourcecode.c.objc; path = ChannelHeader.m; sourceTree = "<group>"; };
		E72E54D21AEF50CC000355F3 /* GlobalVar.h */ = {isa = PBXFileReference; fileEncoding = 4; lastKnownFileType = sourcecode.c.h; path = GlobalVar.h; sourceTree = "<group>"; };
		E72E54D31AEF50CC000355F3 /* GlobalVar.m */ = {isa = PBXFileReference; fileEncoding = 4; lastKnownFileType = sourcecode.c.objc; path = GlobalVar.m; sourceTree = "<group>"; };
		E72E54D51AEF59CA000355F3 /* DetailVC.h */ = {isa = PBXFileReference; fileEncoding = 4; lastKnownFileType = sourcecode.c.h; path = DetailVC.h; sourceTree = "<group>"; };
		E72E54D61AEF59CA000355F3 /* DetailVC.m */ = {isa = PBXFileReference; fileEncoding = 4; lastKnownFileType = sourcecode.c.objc; path = DetailVC.m; sourceTree = "<group>"; };
		E72E54D81AEF670C000355F3 /* BaseVC.h */ = {isa = PBXFileReference; fileEncoding = 4; lastKnownFileType = sourcecode.c.h; path = BaseVC.h; sourceTree = "<group>"; };
		E72E54D91AEF670C000355F3 /* BaseVC.m */ = {isa = PBXFileReference; fileEncoding = 4; lastKnownFileType = sourcecode.c.objc; path = BaseVC.m; sourceTree = "<group>"; };
		E78DF3441AF4E8990017F41C /* UIView+Position.h */ = {isa = PBXFileReference; fileEncoding = 4; lastKnownFileType = sourcecode.c.h; path = "UIView+Position.h"; sourceTree = "<group>"; };
		E78DF3451AF4E8990017F41C /* UIView+Position.m */ = {isa = PBXFileReference; fileEncoding = 4; lastKnownFileType = sourcecode.c.objc; path = "UIView+Position.m"; sourceTree = "<group>"; };
		E79A44741AF89E6F00385D19 /* GoogleSearchParser.h */ = {isa = PBXFileReference; fileEncoding = 4; lastKnownFileType = sourcecode.c.h; path = GoogleSearchParser.h; sourceTree = "<group>"; };
		E79A44751AF89E6F00385D19 /* GoogleSearchParser.m */ = {isa = PBXFileReference; fileEncoding = 4; lastKnownFileType = sourcecode.c.objc; path = GoogleSearchParser.m; sourceTree = "<group>"; };
		E79A44771AF8CDF400385D19 /* PttTable.h */ = {isa = PBXFileReference; fileEncoding = 4; lastKnownFileType = sourcecode.c.h; path = PttTable.h; sourceTree = "<group>"; };
		E79A44781AF8CDF400385D19 /* PttTable.m */ = {isa = PBXFileReference; fileEncoding = 4; lastKnownFileType = sourcecode.c.objc; path = PttTable.m; sourceTree = "<group>"; };
		E79AA7CB1AF1BCB4001F9F5D /* SettingsVC.h */ = {isa = PBXFileReference; fileEncoding = 4; lastKnownFileType = sourcecode.c.h; path = SettingsVC.h; sourceTree = "<group>"; };
		E79AA7CC1AF1BCB4001F9F5D /* SettingsVC.m */ = {isa = PBXFileReference; fileEncoding = 4; lastKnownFileType = sourcecode.c.objc; path = SettingsVC.m; sourceTree = "<group>"; };
		E79AA7CE1AF1C197001F9F5D /* TableModel.h */ = {isa = PBXFileReference; fileEncoding = 4; lastKnownFileType = sourcecode.c.h; path = TableModel.h; sourceTree = "<group>"; };
		E79AA7CF1AF1C197001F9F5D /* TableModel.m */ = {isa = PBXFileReference; fileEncoding = 4; lastKnownFileType = sourcecode.c.objc; path = TableModel.m; sourceTree = "<group>"; };
		E79AA7D11AF38E28001F9F5D /* MovieDetailTable.h */ = {isa = PBXFileReference; fileEncoding = 4; lastKnownFileType = sourcecode.c.h; path = MovieDetailTable.h; sourceTree = "<group>"; };
		E79AA7D21AF38E28001F9F5D /* MovieDetailTable.m */ = {isa = PBXFileReference; fileEncoding = 4; lastKnownFileType = sourcecode.c.objc; path = MovieDetailTable.m; sourceTree = "<group>"; };
		E7A4BB7B1AF5CC3500E10F43 /* VideoPlayerView.h */ = {isa = PBXFileReference; fileEncoding = 4; lastKnownFileType = sourcecode.c.h; path = VideoPlayerView.h; sourceTree = "<group>"; };
		E7A4BB7C1AF5CC3500E10F43 /* VideoPlayerView.m */ = {isa = PBXFileReference; fileEncoding = 4; lastKnownFileType = sourcecode.c.objc; path = VideoPlayerView.m; sourceTree = "<group>"; };
		E7AE35321AF77957004B3FD0 /* Base */ = {isa = PBXFileReference; lastKnownFileType = text.plist.strings; name = Base; path = Base.lproj/localization.strings; sourceTree = "<group>"; };
		E7AE35351AF779E0004B3FD0 /* en */ = {isa = PBXFileReference; lastKnownFileType = text.plist.strings; name = en; path = en.lproj/localization.strings; sourceTree = "<group>"; };
		E7AE35361AF77A18004B3FD0 /* zh-Hans */ = {isa = PBXFileReference; lastKnownFileType = text.plist.strings; name = "zh-Hans"; path = "zh-Hans.lproj/localization.strings"; sourceTree = "<group>"; };
		E7AE35371AF77A2B004B3FD0 /* zh-Hant */ = {isa = PBXFileReference; lastKnownFileType = text.plist.strings; name = "zh-Hant"; path = "zh-Hant.lproj/localization.strings"; sourceTree = "<group>"; };
		E7B0C7221AF06D2F0086FC21 /* UserSettings.h */ = {isa = PBXFileReference; fileEncoding = 4; lastKnownFileType = sourcecode.c.h; path = UserSettings.h; sourceTree = "<group>"; };
		E7B0C7231AF06D2F0086FC21 /* UserSettings.m */ = {isa = PBXFileReference; fileEncoding = 4; lastKnownFileType = sourcecode.c.objc; path = UserSettings.m; sourceTree = "<group>"; };
		E7B1935E1AF92B7700A73123 /* SearchResultCell.h */ = {isa = PBXFileReference; fileEncoding = 4; lastKnownFileType = sourcecode.c.h; path = SearchResultCell.h; sourceTree = "<group>"; };
		E7B1935F1AF92B7700A73123 /* SearchResultCell.m */ = {isa = PBXFileReference; fileEncoding = 4; lastKnownFileType = sourcecode.c.objc; path = SearchResultCell.m; sourceTree = "<group>"; };
		E7E0235C1AEE30A800DFCDB5 /* 今晚九點電影.app */ = {isa = PBXFileReference; explicitFileType = wrapper.application; includeInIndex = 0; path = "今晚九點電影.app"; sourceTree = BUILT_PRODUCTS_DIR; };
		E7E023601AEE30A800DFCDB5 /* Info.plist */ = {isa = PBXFileReference; lastKnownFileType = text.plist.xml; path = Info.plist; sourceTree = "<group>"; };
		E7E023611AEE30A800DFCDB5 /* main.m */ = {isa = PBXFileReference; lastKnownFileType = sourcecode.c.objc; path = main.m; sourceTree = "<group>"; };
		E7E023631AEE30A800DFCDB5 /* AppDelegate.h */ = {isa = PBXFileReference; lastKnownFileType = sourcecode.c.h; path = AppDelegate.h; sourceTree = "<group>"; };
		E7E023641AEE30A800DFCDB5 /* AppDelegate.m */ = {isa = PBXFileReference; lastKnownFileType = sourcecode.c.objc; path = AppDelegate.m; sourceTree = "<group>"; };
		E7E0236C1AEE30A800DFCDB5 /* Images.xcassets */ = {isa = PBXFileReference; lastKnownFileType = folder.assetcatalog; path = Images.xcassets; sourceTree = "<group>"; };
		E7E0237A1AEE30A800DFCDB5 /* Info.plist */ = {isa = PBXFileReference; lastKnownFileType = text.plist.xml; path = Info.plist; sourceTree = "<group>"; };
		E7E0237B1AEE30A800DFCDB5 /* Movie29Tests.m */ = {isa = PBXFileReference; lastKnownFileType = sourcecode.c.objc; path = Movie29Tests.m; sourceTree = "<group>"; };
		E7E0246F1AEE365700DFCDB5 /* YouTubeAPIService.h */ = {isa = PBXFileReference; fileEncoding = 4; lastKnownFileType = sourcecode.c.h; path = YouTubeAPIService.h; sourceTree = "<group>"; };
		E7E024701AEE365700DFCDB5 /* YouTubeAPIService.m */ = {isa = PBXFileReference; fileEncoding = 4; lastKnownFileType = sourcecode.c.objc; path = YouTubeAPIService.m; sourceTree = "<group>"; };
		E7E024711AEE365700DFCDB5 /* YouTubeVideoModel.h */ = {isa = PBXFileReference; fileEncoding = 4; lastKnownFileType = sourcecode.c.h; path = YouTubeVideoModel.h; sourceTree = "<group>"; };
		E7E024721AEE365700DFCDB5 /* YouTubeVideoModel.m */ = {isa = PBXFileReference; fileEncoding = 4; lastKnownFileType = sourcecode.c.objc; path = YouTubeVideoModel.m; sourceTree = "<group>"; };
		E7E024741AEE365700DFCDB5 /* ACConstraintHelper.h */ = {isa = PBXFileReference; fileEncoding = 4; lastKnownFileType = sourcecode.c.h; path = ACConstraintHelper.h; sourceTree = "<group>"; };
		E7E024751AEE365700DFCDB5 /* ACConstraintHelper.m */ = {isa = PBXFileReference; fileEncoding = 4; lastKnownFileType = sourcecode.c.objc; path = ACConstraintHelper.m; sourceTree = "<group>"; };
		E7E024761AEE365700DFCDB5 /* ACYTControlView.h */ = {isa = PBXFileReference; fileEncoding = 4; lastKnownFileType = sourcecode.c.h; path = ACYTControlView.h; sourceTree = "<group>"; };
		E7E024771AEE365700DFCDB5 /* ACYTControlView.m */ = {isa = PBXFileReference; fileEncoding = 4; lastKnownFileType = sourcecode.c.objc; path = ACYTControlView.m; sourceTree = "<group>"; };
		E7E024781AEE365700DFCDB5 /* ACYTPlayerView.h */ = {isa = PBXFileReference; fileEncoding = 4; lastKnownFileType = sourcecode.c.h; path = ACYTPlayerView.h; sourceTree = "<group>"; };
		E7E024791AEE365700DFCDB5 /* ACYTPlayerView.m */ = {isa = PBXFileReference; fileEncoding = 4; lastKnownFileType = sourcecode.c.objc; path = ACYTPlayerView.m; sourceTree = "<group>"; };
		E7E0247B1AEE365700DFCDB5 /* yt_close.png */ = {isa = PBXFileReference; lastKnownFileType = image.png; path = yt_close.png; sourceTree = "<group>"; };
		E7E0247C1AEE365700DFCDB5 /* yt_compress.png */ = {isa = PBXFileReference; lastKnownFileType = image.png; path = yt_compress.png; sourceTree = "<group>"; };
		E7E0247D1AEE365700DFCDB5 /* yt_expand.png */ = {isa = PBXFileReference; lastKnownFileType = image.png; path = yt_expand.png; sourceTree = "<group>"; };
		E7E0247E1AEE365700DFCDB5 /* yt_hd_off.png */ = {isa = PBXFileReference; lastKnownFileType = image.png; path = yt_hd_off.png; sourceTree = "<group>"; };
		E7E0247F1AEE365700DFCDB5 /* yt_hd_on.png */ = {isa = PBXFileReference; lastKnownFileType = image.png; path = yt_hd_on.png; sourceTree = "<group>"; };
		E7E024801AEE365700DFCDB5 /* yt_next.png */ = {isa = PBXFileReference; lastKnownFileType = image.png; path = yt_next.png; sourceTree = "<group>"; };
		E7E024811AEE365700DFCDB5 /* yt_pause.png */ = {isa = PBXFileReference; lastKnownFileType = image.png; path = yt_pause.png; sourceTree = "<group>"; };
		E7E024821AEE365700DFCDB5 /* yt_play.png */ = {isa = PBXFileReference; lastKnownFileType = image.png; path = yt_play.png; sourceTree = "<group>"; };
		E7E024831AEE365700DFCDB5 /* yt_previous.png */ = {isa = PBXFileReference; lastKnownFileType = image.png; path = yt_previous.png; sourceTree = "<group>"; };
		E7E024861AEE365700DFCDB5 /* YTPlayerView-iframe-player.html */ = {isa = PBXFileReference; fileEncoding = 4; lastKnownFileType = text.html; path = "YTPlayerView-iframe-player.html"; sourceTree = "<group>"; };
		E7E024881AEE365700DFCDB5 /* YTPlayerView.h */ = {isa = PBXFileReference; fileEncoding = 4; lastKnownFileType = sourcecode.c.h; path = YTPlayerView.h; sourceTree = "<group>"; };
		E7E024891AEE365700DFCDB5 /* YTPlayerView.m */ = {isa = PBXFileReference; fileEncoding = 4; lastKnownFileType = sourcecode.c.objc; path = YTPlayerView.m; sourceTree = "<group>"; };
		E7E0248B1AEE365700DFCDB5 /* YouTubeListTableCell.h */ = {isa = PBXFileReference; fileEncoding = 4; lastKnownFileType = sourcecode.c.h; path = YouTubeListTableCell.h; sourceTree = "<group>"; };
		E7E0248C1AEE365700DFCDB5 /* YouTubeListTableCell.m */ = {isa = PBXFileReference; fileEncoding = 4; lastKnownFileType = sourcecode.c.objc; path = YouTubeListTableCell.m; sourceTree = "<group>"; };
		E7E0249E1AEE435100DFCDB5 /* APIHelper.h */ = {isa = PBXFileReference; fileEncoding = 4; lastKnownFileType = sourcecode.c.h; path = APIHelper.h; sourceTree = "<group>"; };
		E7E0249F1AEE435100DFCDB5 /* APIHelper.m */ = {isa = PBXFileReference; fileEncoding = 4; lastKnownFileType = sourcecode.c.objc; path = APIHelper.m; sourceTree = "<group>"; };
		E7E024A41AEE856000DFCDB5 /* ChannelList.h */ = {isa = PBXFileReference; fileEncoding = 4; lastKnownFileType = sourcecode.c.h; path = ChannelList.h; sourceTree = "<group>"; };
		E7E024A51AEE856000DFCDB5 /* ChannelList.m */ = {isa = PBXFileReference; fileEncoding = 4; lastKnownFileType = sourcecode.c.objc; path = ChannelList.m; sourceTree = "<group>"; };
		E7E024A71AEE874B00DFCDB5 /* ChannelModel.h */ = {isa = PBXFileReference; fileEncoding = 4; lastKnownFileType = sourcecode.c.h; path = ChannelModel.h; sourceTree = "<group>"; };
		E7E024A81AEE874B00DFCDB5 /* ChannelModel.m */ = {isa = PBXFileReference; fileEncoding = 4; lastKnownFileType = sourcecode.c.objc; path = ChannelModel.m; sourceTree = "<group>"; };
		E7E024AA1AEE875900DFCDB5 /* MovieModel.h */ = {isa = PBXFileReference; fileEncoding = 4; lastKnownFileType = sourcecode.c.h; path = MovieModel.h; sourceTree = "<group>"; };
		E7E024AB1AEE875900DFCDB5 /* MovieModel.m */ = {isa = PBXFileReference; fileEncoding = 4; lastKnownFileType = sourcecode.c.objc; path = MovieModel.m; sourceTree = "<group>"; };
		E7E024AD1AEF14BA00DFCDB5 /* MainMovieCell.h */ = {isa = PBXFileReference; fileEncoding = 4; lastKnownFileType = sourcecode.c.h; path = MainMovieCell.h; sourceTree = "<group>"; };
		E7E024AE1AEF14BA00DFCDB5 /* MainMovieCell.m */ = {isa = PBXFileReference; fileEncoding = 4; lastKnownFileType = sourcecode.c.objc; path = MainMovieCell.m; sourceTree = "<group>"; };
/* End PBXFileReference section */

/* Begin PBXFrameworksBuildPhase section */
		E7E023591AEE30A800DFCDB5 /* Frameworks */ = {
			isa = PBXFrameworksBuildPhase;
			buildActionMask = 2147483647;
			files = (
				7D93C5B61EBC3C06C0EAFECD /* libPods.a in Frameworks */,
			);
			runOnlyForDeploymentPostprocessing = 0;
		};
/* End PBXFrameworksBuildPhase section */

/* Begin PBXGroup section */
		05FD81CA565D9FCB1BEB70CF /* Frameworks */ = {
			isa = PBXGroup;
			children = (
				4D83C075BF4A88FB18953283 /* libPods.a */,
			);
			name = Frameworks;
			sourceTree = "<group>";
		};
		B03B0F8445897EB6822D63F5 /* Pods */ = {
			isa = PBXGroup;
			children = (
				A432779852738E6850A2448F /* Pods.debug.xcconfig */,
				737B8A030BC5C9CF00DB6D5E /* Pods.release.xcconfig */,
			);
			name = Pods;
			sourceTree = "<group>";
		};
		E72E54D11AEF50BB000355F3 /* Other */ = {
			isa = PBXGroup;
			children = (
				E78DF3441AF4E8990017F41C /* UIView+Position.h */,
				E78DF3451AF4E8990017F41C /* UIView+Position.m */,
				E72E54D21AEF50CC000355F3 /* GlobalVar.h */,
				E72E54D31AEF50CC000355F3 /* GlobalVar.m */,
				E7B0C7221AF06D2F0086FC21 /* UserSettings.h */,
				E7B0C7231AF06D2F0086FC21 /* UserSettings.m */,
				E79A44741AF89E6F00385D19 /* GoogleSearchParser.h */,
				E79A44751AF89E6F00385D19 /* GoogleSearchParser.m */,
			);
			path = Other;
			sourceTree = "<group>";
		};
		E7E023531AEE30A800DFCDB5 = {
			isa = PBXGroup;
			children = (
				E7E023851AEE363600DFCDB5 /* Venders */,
				E7E0235E1AEE30A800DFCDB5 /* Movie29 */,
				E7E023781AEE30A800DFCDB5 /* Movie29Tests */,
				E7E0235D1AEE30A800DFCDB5 /* Products */,
				B03B0F8445897EB6822D63F5 /* Pods */,
				05FD81CA565D9FCB1BEB70CF /* Frameworks */,
			);
			sourceTree = "<group>";
		};
		E7E0235D1AEE30A800DFCDB5 /* Products */ = {
			isa = PBXGroup;
			children = (
				E7E0235C1AEE30A800DFCDB5 /* 今晚九點電影.app */,
			);
			name = Products;
			sourceTree = "<group>";
		};
		E7E0235E1AEE30A800DFCDB5 /* Movie29 */ = {
			isa = PBXGroup;
			children = (
				E72E54D11AEF50BB000355F3 /* Other */,
				E7E024A11AEE852500DFCDB5 /* Model */,
				E7E024A21AEE852500DFCDB5 /* View */,
				E7E024A31AEE852500DFCDB5 /* ViewController */,
				E7E0249E1AEE435100DFCDB5 /* APIHelper.h */,
				E7E0249F1AEE435100DFCDB5 /* APIHelper.m */,
				E7E023631AEE30A800DFCDB5 /* AppDelegate.h */,
				E7E023641AEE30A800DFCDB5 /* AppDelegate.m */,
				E7E0236C1AEE30A800DFCDB5 /* Images.xcassets */,
				E7E0235F1AEE30A800DFCDB5 /* Supporting Files */,
			);
			path = Movie29;
			sourceTree = "<group>";
		};
		E7E0235F1AEE30A800DFCDB5 /* Supporting Files */ = {
			isa = PBXGroup;
			children = (
				E7AE35331AF77957004B3FD0 /* localization.strings */,
				E7E023601AEE30A800DFCDB5 /* Info.plist */,
				E7E023611AEE30A800DFCDB5 /* main.m */,
			);
			name = "Supporting Files";
			sourceTree = "<group>";
		};
		E7E023781AEE30A800DFCDB5 /* Movie29Tests */ = {
			isa = PBXGroup;
			children = (
				E7E0237B1AEE30A800DFCDB5 /* Movie29Tests.m */,
				E7E023791AEE30A800DFCDB5 /* Supporting Files */,
			);
			path = Movie29Tests;
			sourceTree = "<group>";
		};
		E7E023791AEE30A800DFCDB5 /* Supporting Files */ = {
			isa = PBXGroup;
			children = (
				E7E0237A1AEE30A800DFCDB5 /* Info.plist */,
			);
			name = "Supporting Files";
			sourceTree = "<group>";
		};
		E7E023851AEE363600DFCDB5 /* Venders */ = {
			isa = PBXGroup;
			children = (
				E7E023861AEE363600DFCDB5 /* ACYoutubePlayer */,
			);
			path = Venders;
			sourceTree = "<group>";
		};
		E7E023861AEE363600DFCDB5 /* ACYoutubePlayer */ = {
			isa = PBXGroup;
			children = (
				E7E0246D1AEE365700DFCDB5 /* ACYoutube */,
			);
			path = ACYoutubePlayer;
			sourceTree = "<group>";
		};
		E7E0246D1AEE365700DFCDB5 /* ACYoutube */ = {
			isa = PBXGroup;
			children = (
				E7E0246E1AEE365700DFCDB5 /* API */,
				E7E024731AEE365700DFCDB5 /* Player */,
				E7E0248A1AEE365700DFCDB5 /* View */,
			);
			name = ACYoutube;
			path = ACPlayer/ACYoutube;
			sourceTree = "<group>";
		};
		E7E0246E1AEE365700DFCDB5 /* API */ = {
			isa = PBXGroup;
			children = (
				E7E0246F1AEE365700DFCDB5 /* YouTubeAPIService.h */,
				E7E024701AEE365700DFCDB5 /* YouTubeAPIService.m */,
				E7E024711AEE365700DFCDB5 /* YouTubeVideoModel.h */,
				E7E024721AEE365700DFCDB5 /* YouTubeVideoModel.m */,
			);
			path = API;
			sourceTree = "<group>";
		};
		E7E024731AEE365700DFCDB5 /* Player */ = {
			isa = PBXGroup;
			children = (
				E7E024741AEE365700DFCDB5 /* ACConstraintHelper.h */,
				E7E024751AEE365700DFCDB5 /* ACConstraintHelper.m */,
				E7E024761AEE365700DFCDB5 /* ACYTControlView.h */,
				E7E024771AEE365700DFCDB5 /* ACYTControlView.m */,
				E7E024781AEE365700DFCDB5 /* ACYTPlayerView.h */,
				E7E024791AEE365700DFCDB5 /* ACYTPlayerView.m */,
				E7E0247A1AEE365700DFCDB5 /* Asset */,
				E7E024841AEE365700DFCDB5 /* Youtube */,
			);
			path = Player;
			sourceTree = "<group>";
		};
		E7E0247A1AEE365700DFCDB5 /* Asset */ = {
			isa = PBXGroup;
			children = (
				E7E0247B1AEE365700DFCDB5 /* yt_close.png */,
				E7E0247C1AEE365700DFCDB5 /* yt_compress.png */,
				E7E0247D1AEE365700DFCDB5 /* yt_expand.png */,
				E7E0247E1AEE365700DFCDB5 /* yt_hd_off.png */,
				E7E0247F1AEE365700DFCDB5 /* yt_hd_on.png */,
				E7E024801AEE365700DFCDB5 /* yt_next.png */,
				E7E024811AEE365700DFCDB5 /* yt_pause.png */,
				E7E024821AEE365700DFCDB5 /* yt_play.png */,
				E7E024831AEE365700DFCDB5 /* yt_previous.png */,
			);
			path = Asset;
			sourceTree = "<group>";
		};
		E7E024841AEE365700DFCDB5 /* Youtube */ = {
			isa = PBXGroup;
			children = (
				E7E024851AEE365700DFCDB5 /* Assets */,
				E7E024871AEE365700DFCDB5 /* Classes */,
			);
			path = Youtube;
			sourceTree = "<group>";
		};
		E7E024851AEE365700DFCDB5 /* Assets */ = {
			isa = PBXGroup;
			children = (
				E7E024861AEE365700DFCDB5 /* YTPlayerView-iframe-player.html */,
			);
			path = Assets;
			sourceTree = "<group>";
		};
		E7E024871AEE365700DFCDB5 /* Classes */ = {
			isa = PBXGroup;
			children = (
				E7E024881AEE365700DFCDB5 /* YTPlayerView.h */,
				E7E024891AEE365700DFCDB5 /* YTPlayerView.m */,
			);
			path = Classes;
			sourceTree = "<group>";
		};
		E7E0248A1AEE365700DFCDB5 /* View */ = {
			isa = PBXGroup;
			children = (
				E7E0248B1AEE365700DFCDB5 /* YouTubeListTableCell.h */,
				E7E0248C1AEE365700DFCDB5 /* YouTubeListTableCell.m */,
			);
			path = View;
			sourceTree = "<group>";
		};
		E7E024A11AEE852500DFCDB5 /* Model */ = {
			isa = PBXGroup;
			children = (
				E7E024A71AEE874B00DFCDB5 /* ChannelModel.h */,
				E7E024A81AEE874B00DFCDB5 /* ChannelModel.m */,
				E7E024AA1AEE875900DFCDB5 /* MovieModel.h */,
				E7E024AB1AEE875900DFCDB5 /* MovieModel.m */,
				E79AA7CE1AF1C197001F9F5D /* TableModel.h */,
				E79AA7CF1AF1C197001F9F5D /* TableModel.m */,
			);
			path = Model;
			sourceTree = "<group>";
		};
		E7E024A21AEE852500DFCDB5 /* View */ = {
			isa = PBXGroup;
			children = (
				E7E024AD1AEF14BA00DFCDB5 /* MainMovieCell.h */,
				E7E024AE1AEF14BA00DFCDB5 /* MainMovieCell.m */,
				E7B1935E1AF92B7700A73123 /* SearchResultCell.h */,
				E7B1935F1AF92B7700A73123 /* SearchResultCell.m */,
				E72E54CE1AEF3CC0000355F3 /* ChannelHeader.h */,
				E72E54CF1AEF3CC0000355F3 /* ChannelHeader.m */,
				E79AA7D11AF38E28001F9F5D /* MovieDetailTable.h */,
				E79AA7D21AF38E28001F9F5D /* MovieDetailTable.m */,
				E7A4BB7B1AF5CC3500E10F43 /* VideoPlayerView.h */,
				E7A4BB7C1AF5CC3500E10F43 /* VideoPlayerView.m */,
				E79A44771AF8CDF400385D19 /* PttTable.h */,
				E79A44781AF8CDF400385D19 /* PttTable.m */,
			);
			path = View;
			sourceTree = "<group>";
		};
		E7E024A31AEE852500DFCDB5 /* ViewController */ = {
			isa = PBXGroup;
			children = (
				E72E54D81AEF670C000355F3 /* BaseVC.h */,
				E72E54D91AEF670C000355F3 /* BaseVC.m */,
				E7E024A41AEE856000DFCDB5 /* ChannelList.h */,
				E7E024A51AEE856000DFCDB5 /* ChannelList.m */,
				E72E54D51AEF59CA000355F3 /* DetailVC.h */,
				E72E54D61AEF59CA000355F3 /* DetailVC.m */,
				E79AA7CB1AF1BCB4001F9F5D /* SettingsVC.h */,
				E79AA7CC1AF1BCB4001F9F5D /* SettingsVC.m */,
			);
			path = ViewController;
			sourceTree = "<group>";
		};
/* End PBXGroup section */

/* Begin PBXNativeTarget section */
		E7E0235B1AEE30A800DFCDB5 /* Movie29 */ = {
			isa = PBXNativeTarget;
			buildConfigurationList = E7E0237F1AEE30A800DFCDB5 /* Build configuration list for PBXNativeTarget "Movie29" */;
			buildPhases = (
				3E54D0BBF9519067CE8A393F /* Check Pods Manifest.lock */,
				E7E023581AEE30A800DFCDB5 /* Sources */,
				E7E023591AEE30A800DFCDB5 /* Frameworks */,
				E7E0235A1AEE30A800DFCDB5 /* Resources */,
				638D7FC84B8904D3E1A25357 /* Copy Pods Resources */,
			);
			buildRules = (
			);
			dependencies = (
			);
			name = Movie29;
			productName = Movie29;
			productReference = E7E0235C1AEE30A800DFCDB5 /* 今晚九點電影.app */;
			productType = "com.apple.product-type.application";
		};
/* End PBXNativeTarget section */

/* Begin PBXProject section */
		E7E023541AEE30A800DFCDB5 /* Project object */ = {
			isa = PBXProject;
			attributes = {
				LastUpgradeCheck = 0630;
				ORGANIZATIONNAME = alan;
				TargetAttributes = {
					E7E0235B1AEE30A800DFCDB5 = {
						CreatedOnToolsVersion = 6.3;
					};
				};
			};
			buildConfigurationList = E7E023571AEE30A800DFCDB5 /* Build configuration list for PBXProject "Movie29" */;
			compatibilityVersion = "Xcode 3.2";
			developmentRegion = English;
			hasScannedForEncodings = 0;
			knownRegions = (
				en,
				Base,
				"zh-Hans",
				"zh-Hant",
			);
			mainGroup = E7E023531AEE30A800DFCDB5;
			productRefGroup = E7E0235D1AEE30A800DFCDB5 /* Products */;
			projectDirPath = "";
			projectRoot = "";
			targets = (
				E7E0235B1AEE30A800DFCDB5 /* Movie29 */,
			);
		};
/* End PBXProject section */

/* Begin PBXResourcesBuildPhase section */
		E7E0235A1AEE30A800DFCDB5 /* Resources */ = {
			isa = PBXResourcesBuildPhase;
			buildActionMask = 2147483647;
			files = (
				E7E024941AEE365700DFCDB5 /* yt_expand.png in Resources */,
				E7AE35311AF77957004B3FD0 /* localization.strings in Resources */,
				E7E024981AEE365700DFCDB5 /* yt_pause.png in Resources */,
				E7E024991AEE365700DFCDB5 /* yt_play.png in Resources */,
				E7E024971AEE365700DFCDB5 /* yt_next.png in Resources */,
				E7E024961AEE365700DFCDB5 /* yt_hd_on.png in Resources */,
				E7E0249A1AEE365700DFCDB5 /* yt_previous.png in Resources */,
				E7E0236D1AEE30A800DFCDB5 /* Images.xcassets in Resources */,
				E7E024921AEE365700DFCDB5 /* yt_close.png in Resources */,
				E7E024951AEE365700DFCDB5 /* yt_hd_off.png in Resources */,
				E7E0249B1AEE365700DFCDB5 /* YTPlayerView-iframe-player.html in Resources */,
				E7E024931AEE365700DFCDB5 /* yt_compress.png in Resources */,
			);
			runOnlyForDeploymentPostprocessing = 0;
		};
/* End PBXResourcesBuildPhase section */

/* Begin PBXShellScriptBuildPhase section */
		3E54D0BBF9519067CE8A393F /* Check Pods Manifest.lock */ = {
			isa = PBXShellScriptBuildPhase;
			buildActionMask = 2147483647;
			files = (
			);
			inputPaths = (
			);
			name = "Check Pods Manifest.lock";
			outputPaths = (
			);
			runOnlyForDeploymentPostprocessing = 0;
			shellPath = /bin/sh;
			shellScript = "diff \"${PODS_ROOT}/../Podfile.lock\" \"${PODS_ROOT}/Manifest.lock\" > /dev/null\nif [[ $? != 0 ]] ; then\n    cat << EOM\nerror: The sandbox is not in sync with the Podfile.lock. Run 'pod install' or update your CocoaPods installation.\nEOM\n    exit 1\nfi\n";
			showEnvVarsInLog = 0;
		};
		638D7FC84B8904D3E1A25357 /* Copy Pods Resources */ = {
			isa = PBXShellScriptBuildPhase;
			buildActionMask = 2147483647;
			files = (
			);
			inputPaths = (
			);
			name = "Copy Pods Resources";
			outputPaths = (
			);
			runOnlyForDeploymentPostprocessing = 0;
			shellPath = /bin/sh;
			shellScript = "\"${SRCROOT}/Pods/Target Support Files/Pods/Pods-resources.sh\"\n";
			showEnvVarsInLog = 0;
		};
/* End PBXShellScriptBuildPhase section */

/* Begin PBXSourcesBuildPhase section */
		E7E023581AEE30A800DFCDB5 /* Sources */ = {
			isa = PBXSourcesBuildPhase;
			buildActionMask = 2147483647;
			files = (
				E79AA7D31AF38E28001F9F5D /* MovieDetailTable.m in Sources */,
				E72E54D41AEF50CC000355F3 /* GlobalVar.m in Sources */,
				E79AA7CD1AF1BCB4001F9F5D /* SettingsVC.m in Sources */,
				E7E024AC1AEE875900DFCDB5 /* MovieModel.m in Sources */,
				E7E024A61AEE856000DFCDB5 /* ChannelList.m in Sources */,
				E78DF3461AF4E8990017F41C /* UIView+Position.m in Sources */,
				E72E54DA1AEF670C000355F3 /* BaseVC.m in Sources */,
				E7E023651AEE30A800DFCDB5 /* AppDelegate.m in Sources */,
				E7E0249C1AEE365700DFCDB5 /* YTPlayerView.m in Sources */,
				E72E54D71AEF59CA000355F3 /* DetailVC.m in Sources */,
				E7B0C7241AF06D2F0086FC21 /* UserSettings.m in Sources */,
				E7A4BB7D1AF5CC3500E10F43 /* VideoPlayerView.m in Sources */,
				E79A44761AF89E6F00385D19 /* GoogleSearchParser.m in Sources */,
				E79A44791AF8CDF400385D19 /* PttTable.m in Sources */,
				E7E0248E1AEE365700DFCDB5 /* YouTubeVideoModel.m in Sources */,
				E7E024901AEE365700DFCDB5 /* ACYTControlView.m in Sources */,
				E7E024911AEE365700DFCDB5 /* ACYTPlayerView.m in Sources */,
				E7E024A01AEE435100DFCDB5 /* APIHelper.m in Sources */,
				E7E024A91AEE874B00DFCDB5 /* ChannelModel.m in Sources */,
				E72E54D01AEF3CC0000355F3 /* ChannelHeader.m in Sources */,
				E7E024AF1AEF14BA00DFCDB5 /* MainMovieCell.m in Sources */,
				E7B193601AF92B7700A73123 /* SearchResultCell.m in Sources */,
				E7E0248D1AEE365700DFCDB5 /* YouTubeAPIService.m in Sources */,
				E7E0248F1AEE365700DFCDB5 /* ACConstraintHelper.m in Sources */,
				E79AA7D01AF1C197001F9F5D /* TableModel.m in Sources */,
				E7E0249D1AEE365700DFCDB5 /* YouTubeListTableCell.m in Sources */,
				E7E023621AEE30A800DFCDB5 /* main.m in Sources */,
			);
			runOnlyForDeploymentPostprocessing = 0;
		};
/* End PBXSourcesBuildPhase section */

/* Begin PBXVariantGroup section */
		E7AE35331AF77957004B3FD0 /* localization.strings */ = {
			isa = PBXVariantGroup;
			children = (
				E7AE35321AF77957004B3FD0 /* Base */,
				E7AE35351AF779E0004B3FD0 /* en */,
				E7AE35361AF77A18004B3FD0 /* zh-Hans */,
				E7AE35371AF77A2B004B3FD0 /* zh-Hant */,
			);
			name = localization.strings;
			sourceTree = "<group>";
		};
/* End PBXVariantGroup section */

/* Begin XCBuildConfiguration section */
		E7E0237D1AEE30A800DFCDB5 /* Debug */ = {
			isa = XCBuildConfiguration;
			buildSettings = {
				ALWAYS_SEARCH_USER_PATHS = NO;
				CLANG_CXX_LANGUAGE_STANDARD = "gnu++0x";
				CLANG_CXX_LIBRARY = "libc++";
				CLANG_ENABLE_MODULES = YES;
				CLANG_ENABLE_OBJC_ARC = YES;
				CLANG_WARN_BOOL_CONVERSION = YES;
				CLANG_WARN_CONSTANT_CONVERSION = YES;
				CLANG_WARN_DIRECT_OBJC_ISA_USAGE = YES_ERROR;
				CLANG_WARN_EMPTY_BODY = YES;
				CLANG_WARN_ENUM_CONVERSION = YES;
				CLANG_WARN_INT_CONVERSION = YES;
				CLANG_WARN_OBJC_ROOT_CLASS = YES_ERROR;
				CLANG_WARN_UNREACHABLE_CODE = YES;
				CLANG_WARN__DUPLICATE_METHOD_MATCH = YES;
				"CODE_SIGN_IDENTITY[sdk=iphoneos*]" = "iPhone Developer";
				COPY_PHASE_STRIP = NO;
				DEBUG_INFORMATION_FORMAT = "dwarf-with-dsym";
				ENABLE_STRICT_OBJC_MSGSEND = YES;
				GCC_C_LANGUAGE_STANDARD = gnu99;
				GCC_DYNAMIC_NO_PIC = NO;
				GCC_NO_COMMON_BLOCKS = YES;
				GCC_OPTIMIZATION_LEVEL = 0;
				GCC_PREPROCESSOR_DEFINITIONS = (
					"DEBUG=1",
					"$(inherited)",
				);
				GCC_SYMBOLS_PRIVATE_EXTERN = NO;
				GCC_WARN_64_TO_32_BIT_CONVERSION = YES;
				GCC_WARN_ABOUT_RETURN_TYPE = YES_ERROR;
				GCC_WARN_UNDECLARED_SELECTOR = YES;
				GCC_WARN_UNINITIALIZED_AUTOS = YES_AGGRESSIVE;
				GCC_WARN_UNUSED_FUNCTION = YES;
				GCC_WARN_UNUSED_VARIABLE = YES;
				IPHONEOS_DEPLOYMENT_TARGET = 8.3;
				MTL_ENABLE_DEBUG_INFO = YES;
				ONLY_ACTIVE_ARCH = YES;
				SDKROOT = iphoneos;
				TARGETED_DEVICE_FAMILY = "1,2";
			};
			name = Debug;
		};
		E7E0237E1AEE30A800DFCDB5 /* Release */ = {
			isa = XCBuildConfiguration;
			buildSettings = {
				ALWAYS_SEARCH_USER_PATHS = NO;
				CLANG_CXX_LANGUAGE_STANDARD = "gnu++0x";
				CLANG_CXX_LIBRARY = "libc++";
				CLANG_ENABLE_MODULES = YES;
				CLANG_ENABLE_OBJC_ARC = YES;
				CLANG_WARN_BOOL_CONVERSION = YES;
				CLANG_WARN_CONSTANT_CONVERSION = YES;
				CLANG_WARN_DIRECT_OBJC_ISA_USAGE = YES_ERROR;
				CLANG_WARN_EMPTY_BODY = YES;
				CLANG_WARN_ENUM_CONVERSION = YES;
				CLANG_WARN_INT_CONVERSION = YES;
				CLANG_WARN_OBJC_ROOT_CLASS = YES_ERROR;
				CLANG_WARN_UNREACHABLE_CODE = YES;
				CLANG_WARN__DUPLICATE_METHOD_MATCH = YES;
				"CODE_SIGN_IDENTITY[sdk=iphoneos*]" = "iPhone Developer";
				COPY_PHASE_STRIP = NO;
				DEBUG_INFORMATION_FORMAT = "dwarf-with-dsym";
				ENABLE_NS_ASSERTIONS = NO;
				ENABLE_STRICT_OBJC_MSGSEND = YES;
				GCC_C_LANGUAGE_STANDARD = gnu99;
				GCC_NO_COMMON_BLOCKS = YES;
				GCC_WARN_64_TO_32_BIT_CONVERSION = YES;
				GCC_WARN_ABOUT_RETURN_TYPE = YES_ERROR;
				GCC_WARN_UNDECLARED_SELECTOR = YES;
				GCC_WARN_UNINITIALIZED_AUTOS = YES_AGGRESSIVE;
				GCC_WARN_UNUSED_FUNCTION = YES;
				GCC_WARN_UNUSED_VARIABLE = YES;
				IPHONEOS_DEPLOYMENT_TARGET = 8.3;
				MTL_ENABLE_DEBUG_INFO = NO;
				SDKROOT = iphoneos;
				TARGETED_DEVICE_FAMILY = "1,2";
				VALIDATE_PRODUCT = YES;
			};
			name = Release;
		};
		E7E023801AEE30A800DFCDB5 /* Debug */ = {
			isa = XCBuildConfiguration;
			baseConfigurationReference = A432779852738E6850A2448F /* Pods.debug.xcconfig */;
			buildSettings = {
				ASSETCATALOG_COMPILER_APPICON_NAME = AppIcon;
				INFOPLIST_FILE = Movie29/Info.plist;
				IPHONEOS_DEPLOYMENT_TARGET = 7.0;
				LD_RUNPATH_SEARCH_PATHS = "$(inherited) @executable_path/Frameworks";
				PRODUCT_NAME = "今晚九點電影";
			};
			name = Debug;
		};
		E7E023811AEE30A800DFCDB5 /* Release */ = {
			isa = XCBuildConfiguration;
			baseConfigurationReference = 737B8A030BC5C9CF00DB6D5E /* Pods.release.xcconfig */;
			buildSettings = {
				ASSETCATALOG_COMPILER_APPICON_NAME = AppIcon;
				INFOPLIST_FILE = Movie29/Info.plist;
				IPHONEOS_DEPLOYMENT_TARGET = 7.0;
				LD_RUNPATH_SEARCH_PATHS = "$(inherited) @executable_path/Frameworks";
				PRODUCT_NAME = "今晚九點電影";
			};
			name = Release;
		};
/* End XCBuildConfiguration section */

/* Begin XCConfigurationList section */
		E7E023571AEE30A800DFCDB5 /* Build configuration list for PBXProject "Movie29" */ = {
			isa = XCConfigurationList;
			buildConfigurations = (
				E7E0237D1AEE30A800DFCDB5 /* Debug */,
				E7E0237E1AEE30A800DFCDB5 /* Release */,
			);
			defaultConfigurationIsVisible = 0;
			defaultConfigurationName = Release;
		};
		E7E0237F1AEE30A800DFCDB5 /* Build configuration list for PBXNativeTarget "Movie29" */ = {
			isa = XCConfigurationList;
			buildConfigurations = (
				E7E023801AEE30A800DFCDB5 /* Debug */,
				E7E023811AEE30A800DFCDB5 /* Release */,
			);
			defaultConfigurationIsVisible = 0;
			defaultConfigurationName = Release;
		};
/* End XCConfigurationList section */
	};
	rootObject = E7E023541AEE30A800DFCDB5 /* Project object */;
}
